
Microsoft Visual Studio Solution File, Format Version 12.00
# Visual Studio Version 16
VisualStudioVersion = 16.0.29424.173
MinimumVisualStudioVersion = 10.0.40219.1
Project("{FAE04EC0-301F-11D3-BF4B-00C04F79EFBC}") = "Average_number", "Average_number.csproj", "{EAE6D22D-9D83-47D9-93AF-DCD664286CD8}"
EndProject
Global
	GlobalSection(SolutionConfigurationPlatforms) = preSolution
		Debug|Any CPU = Debug|Any CPU
		Release|Any CPU = Release|Any CPU
	EndGlobalSection
	GlobalSection(ProjectConfigurationPlatforms) = postSolution
		{EAE6D22D-9D83-47D9-93AF-DCD664286CD8}.Debug|Any CPU.ActiveCfg = Debug|Any CPU
		{EAE6D22D-9D83-47D9-93AF-DCD664286CD8}.Debug|Any CPU.Build.0 = Debug|Any CPU
		{EAE6D22D-9D83-47D9-93AF-DCD664286CD8}.Release|Any CPU.ActiveCfg = Release|Any CPU
		{EAE6D22D-9D83-47D9-93AF-DCD664286CD8}.Release|Any CPU.Build.0 = Release|Any CPU
	EndGlobalSection
	GlobalSection(SolutionProperties) = preSolution
		HideSolutionNode = FALSE
	EndGlobalSection
	GlobalSection(ExtensibilityGlobals) = postSolution
		SolutionGuid = {1099619F-8133-463C-9A56-E002E2B8D350}
	EndGlobalSection
EndGlobal
